{
  "name": "node-core-audio",
  "version": "0.5.0",
  "lockfileVersion": 1,
  "requires": true,
  "dependencies": {
    "nan": {
      "version": "2.13.0",
      "resolved": "https://registry.npmjs.org/nan/-/nan-2.13.0.tgz",
      "integrity": "sha512-5DDQvN0luhXdut8SCwzm/ZuAX2W+fwhqNzfq7CZ+OJzQ6NwpcqmIGyLD1R8MEt7BeErzcsI0JLr4pND2pNp2Cw=="
    }
  }
}
